
Microsoft Visual Studio Solution File, Format Version 12.00
# Visual Studio Version 17
VisualStudioVersion = 17.3.32825.248
MinimumVisualStudioVersion = 10.0.40219.1
Project("{8BC9CEB8-8B4A-11D0-8D11-00A0C91BC942}") = "Project2", "Project2\Project2.vcxproj", "{A0BB8250-3647-4023-84CD-609FD6A1CF95}"
EndProject
Project("{8BC9CEB8-8B4A-11D0-8D11-00A0C91BC942}") = "Project1", "Project1\Project1.vcxproj", "{337E4584-B072-4653-BB7A-D4415BD72605}"
EndProject
Project("{8BC9CEB8-8B4A-11D0-8D11-00A0C91BC942}") = "Project5", "Project5\Project5.vcxproj", "{5F710008-137B-49B6-AD52-661A41F2C2F3}"
EndProject
Project("{8BC9CEB8-8B4A-11D0-8D11-00A0C91BC942}") = "Project6", "Project6\Project6.vcxproj", "{085B3771-3209-4158-A002-A2990E4530F0}"
EndProject
Project("{8BC9CEB8-8B4A-11D0-8D11-00A0C91BC942}") = "Project7", "Project7\Project7.vcxproj", "{54A7EF5A-7382-4482-92F4-795499288654}"
EndProject
Global
	GlobalSection(SolutionConfigurationPlatforms) = preSolution
		Debug|x64 = Debug|x64
		Debug|x86 = Debug|x86
		Release|x64 = Release|x64
		Release|x86 = Release|x86
	EndGlobalSection
	GlobalSection(ProjectConfigurationPlatforms) = postSolution
		{A0BB8250-3647-4023-84CD-609FD6A1CF95}.Debug|x64.ActiveCfg = Debug|x64
		{A0BB8250-3647-4023-84CD-609FD6A1CF95}.Debug|x64.Build.0 = Debug|x64
		{A0BB8250-3647-4023-84CD-609FD6A1CF95}.Debug|x86.ActiveCfg = Debug|Win32
		{A0BB8250-3647-4023-84CD-609FD6A1CF95}.Debug|x86.Build.0 = Debug|Win32
		{A0BB8250-3647-4023-84CD-609FD6A1CF95}.Release|x64.ActiveCfg = Release|x64
		{A0BB8250-3647-4023-84CD-609FD6A1CF95}.Release|x64.Build.0 = Release|x64
		{A0BB8250-3647-4023-84CD-609FD6A1CF95}.Release|x86.ActiveCfg = Release|Win32
		{A0BB8250-3647-4023-84CD-609FD6A1CF95}.Release|x86.Build.0 = Release|Win32
		{337E4584-B072-4653-BB7A-D4415BD72605}.Debug|x64.ActiveCfg = Debug|x64
		{337E4584-B072-4653-BB7A-D4415BD72605}.Debug|x64.Build.0 = Debug|x64
		{337E4584-B072-4653-BB7A-D4415BD72605}.Debug|x86.ActiveCfg = Debug|Win32
		{337E4584-B072-4653-BB7A-D4415BD72605}.Debug|x86.Build.0 = Debug|Win32
		{337E4584-B072-4653-BB7A-D4415BD72605}.Release|x64.ActiveCfg = Release|x64
		{337E4584-B072-4653-BB7A-D4415BD72605}.Release|x64.Build.0 = Release|x64
		{337E4584-B072-4653-BB7A-D4415BD72605}.Release|x86.ActiveCfg = Release|Win32
		{337E4584-B072-4653-BB7A-D4415BD72605}.Release|x86.Build.0 = Release|Win32
		{5F710008-137B-49B6-AD52-661A41F2C2F3}.Debug|x64.ActiveCfg = Debug|x64
		{5F710008-137B-49B6-AD52-661A41F2C2F3}.Debug|x64.Build.0 = Debug|x64
		{5F710008-137B-49B6-AD52-661A41F2C2F3}.Debug|x86.ActiveCfg = Debug|Win32
		{5F710008-137B-49B6-AD52-661A41F2C2F3}.Debug|x86.Build.0 = Debug|Win32
		{5F710008-137B-49B6-AD52-661A41F2C2F3}.Release|x64.ActiveCfg = Release|x64
		{5F710008-137B-49B6-AD52-661A41F2C2F3}.Release|x64.Build.0 = Release|x64
		{5F710008-137B-49B6-AD52-661A41F2C2F3}.Release|x86.ActiveCfg = Release|Win32
		{5F710008-137B-49B6-AD52-661A41F2C2F3}.Release|x86.Build.0 = Release|Win32
		{085B3771-3209-4158-A002-A2990E4530F0}.Debug|x64.ActiveCfg = Debug|x64
		{085B3771-3209-4158-A002-A2990E4530F0}.Debug|x64.Build.0 = Debug|x64
		{085B3771-3209-4158-A002-A2990E4530F0}.Debug|x86.ActiveCfg = Debug|Win32
		{085B3771-3209-4158-A002-A2990E4530F0}.Debug|x86.Build.0 = Debug|Win32
		{085B3771-3209-4158-A002-A2990E4530F0}.Release|x64.ActiveCfg = Release|x64
		{085B3771-3209-4158-A002-A2990E4530F0}.Release|x64.Build.0 = Release|x64
		{085B3771-3209-4158-A002-A2990E4530F0}.Release|x86.ActiveCfg = Release|Win32
		{085B3771-3209-4158-A002-A2990E4530F0}.Release|x86.Build.0 = Release|Win32
		{54A7EF5A-7382-4482-92F4-795499288654}.Debug|x64.ActiveCfg = Debug|x64
		{54A7EF5A-7382-4482-92F4-795499288654}.Debug|x64.Build.0 = Debug|x64
		{54A7EF5A-7382-4482-92F4-795499288654}.Debug|x86.ActiveCfg = Debug|Win32
		{54A7EF5A-7382-4482-92F4-795499288654}.Debug|x86.Build.0 = Debug|Win32
		{54A7EF5A-7382-4482-92F4-795499288654}.Release|x64.ActiveCfg = Release|x64
		{54A7EF5A-7382-4482-92F4-795499288654}.Release|x64.Build.0 = Release|x64
		{54A7EF5A-7382-4482-92F4-795499288654}.Release|x86.ActiveCfg = Release|Win32
		{54A7EF5A-7382-4482-92F4-795499288654}.Release|x86.Build.0 = Release|Win32
	EndGlobalSection
	GlobalSection(SolutionProperties) = preSolution
		HideSolutionNode = FALSE
	EndGlobalSection
	GlobalSection(ExtensibilityGlobals) = postSolution
		SolutionGuid = {9774227B-A1AE-4F9E-A86D-7A4C86825885}
	EndGlobalSection
EndGlobal
