
Microsoft Visual Studio Solution File, Format Version 12.00
# Visual Studio Version 17
VisualStudioVersion = 17.3.32825.248
MinimumVisualStudioVersion = 10.0.40219.1
Project("{8BC9CEB8-8B4A-11D0-8D11-00A0C91BC942}") = "Project1", "Project1\Project1.vcxproj", "{454378EF-AF00-4A00-B07A-8F248C4F9132}"
EndProject
Project("{8BC9CEB8-8B4A-11D0-8D11-00A0C91BC942}") = "Project2", "Project2\Project2.vcxproj", "{2D7B12BF-ADA2-40BF-9237-605AC79992D6}"
EndProject
Global
	GlobalSection(SolutionConfigurationPlatforms) = preSolution
		Debug|x64 = Debug|x64
		Debug|x86 = Debug|x86
		Release|x64 = Release|x64
		Release|x86 = Release|x86
	EndGlobalSection
	GlobalSection(ProjectConfigurationPlatforms) = postSolution
		{454378EF-AF00-4A00-B07A-8F248C4F9132}.Debug|x64.ActiveCfg = Debug|x64
		{454378EF-AF00-4A00-B07A-8F248C4F9132}.Debug|x64.Build.0 = Debug|x64
		{454378EF-AF00-4A00-B07A-8F248C4F9132}.Debug|x86.ActiveCfg = Debug|Win32
		{454378EF-AF00-4A00-B07A-8F248C4F9132}.Debug|x86.Build.0 = Debug|Win32
		{454378EF-AF00-4A00-B07A-8F248C4F9132}.Release|x64.ActiveCfg = Release|x64
		{454378EF-AF00-4A00-B07A-8F248C4F9132}.Release|x64.Build.0 = Release|x64
		{454378EF-AF00-4A00-B07A-8F248C4F9132}.Release|x86.ActiveCfg = Release|Win32
		{454378EF-AF00-4A00-B07A-8F248C4F9132}.Release|x86.Build.0 = Release|Win32
		{2D7B12BF-ADA2-40BF-9237-605AC79992D6}.Debug|x64.ActiveCfg = Debug|x64
		{2D7B12BF-ADA2-40BF-9237-605AC79992D6}.Debug|x64.Build.0 = Debug|x64
		{2D7B12BF-ADA2-40BF-9237-605AC79992D6}.Debug|x86.ActiveCfg = Debug|Win32
		{2D7B12BF-ADA2-40BF-9237-605AC79992D6}.Debug|x86.Build.0 = Debug|Win32
		{2D7B12BF-ADA2-40BF-9237-605AC79992D6}.Release|x64.ActiveCfg = Release|x64
		{2D7B12BF-ADA2-40BF-9237-605AC79992D6}.Release|x64.Build.0 = Release|x64
		{2D7B12BF-ADA2-40BF-9237-605AC79992D6}.Release|x86.ActiveCfg = Release|Win32
		{2D7B12BF-ADA2-40BF-9237-605AC79992D6}.Release|x86.Build.0 = Release|Win32
	EndGlobalSection
	GlobalSection(SolutionProperties) = preSolution
		HideSolutionNode = FALSE
	EndGlobalSection
	GlobalSection(ExtensibilityGlobals) = postSolution
		SolutionGuid = {FD1445A9-6769-4AD4-9520-28B68DBC5C95}
	EndGlobalSection
EndGlobal
